// !$*UTF8*$!
{
	archiveVersion = 1;
	classes = {
	};
	objectVersion = 46;
	objects = {

/* Begin PBXBuildFile section */
		95F2D45F1EAF7C3000C26A82 /* AppDelegate.swift in Sources */ = {isa = PBXBuildFile; fileRef = 95F2D45E1EAF7C3000C26A82 /* AppDelegate.swift */; };
		95F2D4641EAF7C3000C26A82 /* Main.storyboard in Resources */ = {isa = PBXBuildFile; fileRef = 95F2D4621EAF7C3000C26A82 /* Main.storyboard */; };
		95F2D4661EAF7C3000C26A82 /* Assets.xcassets in Resources */ = {isa = PBXBuildFile; fileRef = 95F2D4651EAF7C3000C26A82 /* Assets.xcassets */; };
		95F2D4691EAF7C3000C26A82 /* LaunchScreen.storyboard in Resources */ = {isa = PBXBuildFile; fileRef = 95F2D4671EAF7C3000C26A82 /* LaunchScreen.storyboard */; };
		95F2D4761EAF833400C26A82 /* VirtualTourist.xcdatamodeld in Sources */ = {isa = PBXBuildFile; fileRef = 95F2D4741EAF833400C26A82 /* VirtualTourist.xcdatamodeld */; };
		95F2D4781EAF892600C26A82 /* CoreDataStack.swift in Sources */ = {isa = PBXBuildFile; fileRef = 95F2D4771EAF892600C26A82 /* CoreDataStack.swift */; };
		95F2D4861EAF8B6300C26A82 /* Pin+CoreDataClass.swift in Sources */ = {isa = PBXBuildFile; fileRef = 95F2D4821EAF8B6300C26A82 /* Pin+CoreDataClass.swift */; };
		95F2D4871EAF8B6300C26A82 /* Pin+CoreDataProperties.swift in Sources */ = {isa = PBXBuildFile; fileRef = 95F2D4831EAF8B6300C26A82 /* Pin+CoreDataProperties.swift */; };
		95F2D4881EAF8B6300C26A82 /* Photo+CoreDataClass.swift in Sources */ = {isa = PBXBuildFile; fileRef = 95F2D4841EAF8B6300C26A82 /* Photo+CoreDataClass.swift */; };
		95F2D4891EAF8B6300C26A82 /* Photo+CoreDataProperties.swift in Sources */ = {isa = PBXBuildFile; fileRef = 95F2D4851EAF8B6300C26A82 /* Photo+CoreDataProperties.swift */; };
		95F2D48B1EAF924F00C26A82 /* TravelLocationsViewController.swift in Sources */ = {isa = PBXBuildFile; fileRef = 95F2D48A1EAF924F00C26A82 /* TravelLocationsViewController.swift */; };
/* End PBXBuildFile section */

/* Begin PBXFileReference section */
		95F2D45B1EAF7C3000C26A82 /* VirtualTouristPortfolio.app */ = {isa = PBXFileReference; explicitFileType = wrapper.application; includeInIndex = 0; path = VirtualTouristPortfolio.app; sourceTree = BUILT_PRODUCTS_DIR; };
		95F2D45E1EAF7C3000C26A82 /* AppDelegate.swift */ = {isa = PBXFileReference; lastKnownFileType = sourcecode.swift; path = AppDelegate.swift; sourceTree = "<group>"; };
		95F2D4631EAF7C3000C26A82 /* Base */ = {isa = PBXFileReference; lastKnownFileType = file.storyboard; name = Base; path = Base.lproj/Main.storyboard; sourceTree = "<group>"; };
		95F2D4651EAF7C3000C26A82 /* Assets.xcassets */ = {isa = PBXFileReference; lastKnownFileType = folder.assetcatalog; path = Assets.xcassets; sourceTree = "<group>"; };
		95F2D4681EAF7C3000C26A82 /* Base */ = {isa = PBXFileReference; lastKnownFileType = file.storyboard; name = Base; path = Base.lproj/LaunchScreen.storyboard; sourceTree = "<group>"; };
		95F2D46A1EAF7C3000C26A82 /* Info.plist */ = {isa = PBXFileReference; lastKnownFileType = text.plist.xml; path = Info.plist; sourceTree = "<group>"; };
		95F2D4751EAF833400C26A82 /* VirtualTourist.xcdatamodel */ = {isa = PBXFileReference; lastKnownFileType = wrapper.xcdatamodel; path = VirtualTourist.xcdatamodel; sourceTree = "<group>"; };
		95F2D4771EAF892600C26A82 /* CoreDataStack.swift */ = {isa = PBXFileReference; fileEncoding = 4; lastKnownFileType = sourcecode.swift; path = CoreDataStack.swift; sourceTree = "<group>"; };
		95F2D4821EAF8B6300C26A82 /* Pin+CoreDataClass.swift */ = {isa = PBXFileReference; fileEncoding = 4; lastKnownFileType = sourcecode.swift; name = "Pin+CoreDataClass.swift"; path = "../Pin+CoreDataClass.swift"; sourceTree = "<group>"; };
		95F2D4831EAF8B6300C26A82 /* Pin+CoreDataProperties.swift */ = {isa = PBXFileReference; fileEncoding = 4; lastKnownFileType = sourcecode.swift; name = "Pin+CoreDataProperties.swift"; path = "../Pin+CoreDataProperties.swift"; sourceTree = "<group>"; };
		95F2D4841EAF8B6300C26A82 /* Photo+CoreDataClass.swift */ = {isa = PBXFileReference; fileEncoding = 4; lastKnownFileType = sourcecode.swift; name = "Photo+CoreDataClass.swift"; path = "../Photo+CoreDataClass.swift"; sourceTree = "<group>"; };
		95F2D4851EAF8B6300C26A82 /* Photo+CoreDataProperties.swift */ = {isa = PBXFileReference; fileEncoding = 4; lastKnownFileType = sourcecode.swift; name = "Photo+CoreDataProperties.swift"; path = "../Photo+CoreDataProperties.swift"; sourceTree = "<group>"; };
		95F2D48A1EAF924F00C26A82 /* TravelLocationsViewController.swift */ = {isa = PBXFileReference; fileEncoding = 4; lastKnownFileType = sourcecode.swift; path = TravelLocationsViewController.swift; sourceTree = "<group>"; };
/* End PBXFileReference section */

/* Begin PBXFrameworksBuildPhase section */
		95F2D4581EAF7C3000C26A82 /* Frameworks */ = {
			isa = PBXFrameworksBuildPhase;
			buildActionMask = 2147483647;
			files = (
			);
			runOnlyForDeploymentPostprocessing = 0;
		};
/* End PBXFrameworksBuildPhase section */

/* Begin PBXGroup section */
		95F2D4521EAF7C3000C26A82 = {
			isa = PBXGroup;
			children = (
				95F2D45D1EAF7C3000C26A82 /* VirtualTouristPortfolio */,
				95F2D45C1EAF7C3000C26A82 /* Products */,
			);
			sourceTree = "<group>";
		};
		95F2D45C1EAF7C3000C26A82 /* Products */ = {
			isa = PBXGroup;
			children = (
				95F2D45B1EAF7C3000C26A82 /* VirtualTouristPortfolio.app */,
			);
			name = Products;
			sourceTree = "<group>";
		};
		95F2D45D1EAF7C3000C26A82 /* VirtualTouristPortfolio */ = {
			isa = PBXGroup;
			children = (
				95F2D45E1EAF7C3000C26A82 /* AppDelegate.swift */,
				95F2D4711EAF7FD600C26A82 /* Assets */,
				95F2D4721EAF7FFF00C26A82 /* Controller */,
				95F2D4731EAF804500C26A82 /* Model */,
				95F2D4701EAF7FA900C26A82 /* Supporting Files */,
			);
			path = VirtualTouristPortfolio;
			sourceTree = "<group>";
		};
		95F2D4701EAF7FA900C26A82 /* Supporting Files */ = {
			isa = PBXGroup;
			children = (
				95F2D46A1EAF7C3000C26A82 /* Info.plist */,
			);
			name = "Supporting Files";
			sourceTree = "<group>";
		};
		95F2D4711EAF7FD600C26A82 /* Assets */ = {
			isa = PBXGroup;
			children = (
				95F2D4651EAF7C3000C26A82 /* Assets.xcassets */,
				95F2D4671EAF7C3000C26A82 /* LaunchScreen.storyboard */,
				95F2D4621EAF7C3000C26A82 /* Main.storyboard */,
			);
			name = Assets;
			sourceTree = "<group>";
		};
		95F2D4721EAF7FFF00C26A82 /* Controller */ = {
			isa = PBXGroup;
			children = (
				95F2D48A1EAF924F00C26A82 /* TravelLocationsViewController.swift */,
			);
			name = Controller;
			sourceTree = "<group>";
		};
		95F2D4731EAF804500C26A82 /* Model */ = {
			isa = PBXGroup;
			children = (
				95F2D4791EAF8AB900C26A82 /* VirtualTourist */,
			);
			name = Model;
			sourceTree = "<group>";
		};
		95F2D4791EAF8AB900C26A82 /* VirtualTourist */ = {
			isa = PBXGroup;
			children = (
				95F2D4821EAF8B6300C26A82 /* Pin+CoreDataClass.swift */,
				95F2D4831EAF8B6300C26A82 /* Pin+CoreDataProperties.swift */,
				95F2D4841EAF8B6300C26A82 /* Photo+CoreDataClass.swift */,
				95F2D4851EAF8B6300C26A82 /* Photo+CoreDataProperties.swift */,
				95F2D4771EAF892600C26A82 /* CoreDataStack.swift */,
				95F2D4741EAF833400C26A82 /* VirtualTourist.xcdatamodeld */,
			);
			name = VirtualTourist;
			sourceTree = "<group>";
		};
/* End PBXGroup section */

/* Begin PBXNativeTarget section */
		95F2D45A1EAF7C3000C26A82 /* VirtualTouristPortfolio */ = {
			isa = PBXNativeTarget;
			buildConfigurationList = 95F2D46D1EAF7C3000C26A82 /* Build configuration list for PBXNativeTarget "VirtualTouristPortfolio" */;
			buildPhases = (
				95F2D4571EAF7C3000C26A82 /* Sources */,
				95F2D4581EAF7C3000C26A82 /* Frameworks */,
				95F2D4591EAF7C3000C26A82 /* Resources */,
			);
			buildRules = (
			);
			dependencies = (
			);
			name = VirtualTouristPortfolio;
			productName = VirtualTouristPortfolio;
			productReference = 95F2D45B1EAF7C3000C26A82 /* VirtualTouristPortfolio.app */;
			productType = "com.apple.product-type.application";
		};
/* End PBXNativeTarget section */

/* Begin PBXProject section */
		95F2D4531EAF7C3000C26A82 /* Project object */ = {
			isa = PBXProject;
			attributes = {
				LastSwiftUpdateCheck = 0820;
				LastUpgradeCheck = 0820;
				ORGANIZATIONNAME = "Juan Salcedo";
				TargetAttributes = {
					95F2D45A1EAF7C3000C26A82 = {
						CreatedOnToolsVersion = 8.2.1;
						DevelopmentTeam = LFK426N4MN;
						ProvisioningStyle = Automatic;
					};
				};
			};
			buildConfigurationList = 95F2D4561EAF7C3000C26A82 /* Build configuration list for PBXProject "VirtualTouristPortfolio" */;
			compatibilityVersion = "Xcode 3.2";
			developmentRegion = English;
			hasScannedForEncodings = 0;
			knownRegions = (
				en,
				Base,
			);
			mainGroup = 95F2D4521EAF7C3000C26A82;
			productRefGroup = 95F2D45C1EAF7C3000C26A82 /* Products */;
			projectDirPath = "";
			projectRoot = "";
			targets = (
				95F2D45A1EAF7C3000C26A82 /* VirtualTouristPortfolio */,
			);
		};
/* End PBXProject section */

/* Begin PBXResourcesBuildPhase section */
		95F2D4591EAF7C3000C26A82 /* Resources */ = {
			isa = PBXResourcesBuildPhase;
			buildActionMask = 2147483647;
			files = (
				95F2D4691EAF7C3000C26A82 /* LaunchScreen.storyboard in Resources */,
				95F2D4661EAF7C3000C26A82 /* Assets.xcassets in Resources */,
				95F2D4641EAF7C3000C26A82 /* Main.storyboard in Resources */,
			);
			runOnlyForDeploymentPostprocessing = 0;
		};
/* End PBXResourcesBuildPhase section */

/* Begin PBXSourcesBuildPhase section */
		95F2D4571EAF7C3000C26A82 /* Sources */ = {
			isa = PBXSourcesBuildPhase;
			buildActionMask = 2147483647;
			files = (
				95F2D4881EAF8B6300C26A82 /* Photo+CoreDataClass.swift in Sources */,
				95F2D4871EAF8B6300C26A82 /* Pin+CoreDataProperties.swift in Sources */,
				95F2D4861EAF8B6300C26A82 /* Pin+CoreDataClass.swift in Sources */,
				95F2D45F1EAF7C3000C26A82 /* AppDelegate.swift in Sources */,
				95F2D4761EAF833400C26A82 /* VirtualTourist.xcdatamodeld in Sources */,
				95F2D4891EAF8B6300C26A82 /* Photo+CoreDataProperties.swift in Sources */,
				95F2D4781EAF892600C26A82 /* CoreDataStack.swift in Sources */,
				95F2D48B1EAF924F00C26A82 /* TravelLocationsViewController.swift in Sources */,
			);
			runOnlyForDeploymentPostprocessing = 0;
		};
/* End PBXSourcesBuildPhase section */

/* Begin PBXVariantGroup section */
		95F2D4621EAF7C3000C26A82 /* Main.storyboard */ = {
			isa = PBXVariantGroup;
			children = (
				95F2D4631EAF7C3000C26A82 /* Base */,
			);
			name = Main.storyboard;
			sourceTree = "<group>";
		};
		95F2D4671EAF7C3000C26A82 /* LaunchScreen.storyboard */ = {
			isa = PBXVariantGroup;
			children = (
				95F2D4681EAF7C3000C26A82 /* Base */,
			);
			name = LaunchScreen.storyboard;
			sourceTree = "<group>";
		};
/* End PBXVariantGroup section */

/* Begin XCBuildConfiguration section */
		95F2D46B1EAF7C3000C26A82 /* Debug */ = {
			isa = XCBuildConfiguration;
			buildSettings = {
				ALWAYS_SEARCH_USER_PATHS = NO;
				CLANG_ANALYZER_NONNULL = YES;
				CLANG_CXX_LANGUAGE_STANDARD = "gnu++0x";
				CLANG_CXX_LIBRARY = "libc++";
				CLANG_ENABLE_MODULES = YES;
				CLANG_ENABLE_OBJC_ARC = YES;
				CLANG_WARN_BOOL_CONVERSION = YES;
				CLANG_WARN_CONSTANT_CONVERSION = YES;
				CLANG_WARN_DIRECT_OBJC_ISA_USAGE = YES_ERROR;
				CLANG_WARN_DOCUMENTATION_COMMENTS = YES;
				CLANG_WARN_EMPTY_BODY = YES;
				CLANG_WARN_ENUM_CONVERSION = YES;
				CLANG_WARN_INFINITE_RECURSION = YES;
				CLANG_WARN_INT_CONVERSION = YES;
				CLANG_WARN_OBJC_ROOT_CLASS = YES_ERROR;
				CLANG_WARN_SUSPICIOUS_MOVE = YES;
				CLANG_WARN_UNREACHABLE_CODE = YES;
				CLANG_WARN__DUPLICATE_METHOD_MATCH = YES;
				"CODE_SIGN_IDENTITY[sdk=iphoneos*]" = "iPhone Developer";
				COPY_PHASE_STRIP = NO;
				DEBUG_INFORMATION_FORMAT = dwarf;
				ENABLE_STRICT_OBJC_MSGSEND = YES;
				ENABLE_TESTABILITY = YES;
				GCC_C_LANGUAGE_STANDARD = gnu99;
				GCC_DYNAMIC_NO_PIC = NO;
				GCC_NO_COMMON_BLOCKS = YES;
				GCC_OPTIMIZATION_LEVEL = 0;
				GCC_PREPROCESSOR_DEFINITIONS = (
					"DEBUG=1",
					"$(inherited)",
				);
				GCC_WARN_64_TO_32_BIT_CONVERSION = YES;
				GCC_WARN_ABOUT_RETURN_TYPE = YES_ERROR;
				GCC_WARN_UNDECLARED_SELECTOR = YES;
				GCC_WARN_UNINITIALIZED_AUTOS = YES_AGGRESSIVE;
				GCC_WARN_UNUSED_FUNCTION = YES;
				GCC_WARN_UNUSED_VARIABLE = YES;
				IPHONEOS_DEPLOYMENT_TARGET = 10.2;
				MTL_ENABLE_DEBUG_INFO = YES;
				ONLY_ACTIVE_ARCH = YES;
				SDKROOT = iphoneos;
				SWIFT_ACTIVE_COMPILATION_CONDITIONS = DEBUG;
				SWIFT_OPTIMIZATION_LEVEL = "-Onone";
				TARGETED_DEVICE_FAMILY = "1,2";
			};
			name = Debug;
		};
		95F2D46C1EAF7C3000C26A82 /* Release */ = {
			isa = XCBuildConfiguration;
			buildSettings = {
				ALWAYS_SEARCH_USER_PATHS = NO;
				CLANG_ANALYZER_NONNULL = YES;
				CLANG_CXX_LANGUAGE_STANDARD = "gnu++0x";
				CLANG_CXX_LIBRARY = "libc++";
				CLANG_ENABLE_MODULES = YES;
				CLANG_ENABLE_OBJC_ARC = YES;
				CLANG_WARN_BOOL_CONVERSION = YES;
				CLANG_WARN_CONSTANT_CONVERSION = YES;
				CLANG_WARN_DIRECT_OBJC_ISA_USAGE = YES_ERROR;
				CLANG_WARN_DOCUMENTATION_COMMENTS = YES;
				CLANG_WARN_EMPTY_BODY = YES;
				CLANG_WARN_ENUM_CONVERSION = YES;
				CLANG_WARN_INFINITE_RECURSION = YES;
				CLANG_WARN_INT_CONVERSION = YES;
				CLANG_WARN_OBJC_ROOT_CLASS = YES_ERROR;
				CLANG_WARN_SUSPICIOUS_MOVE = YES;
				CLANG_WARN_UNREACHABLE_CODE = YES;
				CLANG_WARN__DUPLICATE_METHOD_MATCH = YES;
				"CODE_SIGN_IDENTITY[sdk=iphoneos*]" = "iPhone Developer";
				COPY_PHASE_STRIP = NO;
				DEBUG_INFORMATION_FORMAT = "dwarf-with-dsym";
				ENABLE_NS_ASSERTIONS = NO;
				ENABLE_STRICT_OBJC_MSGSEND = YES;
				GCC_C_LANGUAGE_STANDARD = gnu99;
				GCC_NO_COMMON_BLOCKS = YES;
				GCC_WARN_64_TO_32_BIT_CONVERSION = YES;
				GCC_WARN_ABOUT_RETURN_TYPE = YES_ERROR;
				GCC_WARN_UNDECLARED_SELECTOR = YES;
				GCC_WARN_UNINITIALIZED_AUTOS = YES_AGGRESSIVE;
				GCC_WARN_UNUSED_FUNCTION = YES;
				GCC_WARN_UNUSED_VARIABLE = YES;
				IPHONEOS_DEPLOYMENT_TARGET = 10.2;
				MTL_ENABLE_DEBUG_INFO = NO;
				SDKROOT = iphoneos;
				SWIFT_OPTIMIZATION_LEVEL = "-Owholemodule";
				TARGETED_DEVICE_FAMILY = "1,2";
				VALIDATE_PRODUCT = YES;
			};
			name = Release;
		};
		95F2D46E1EAF7C3000C26A82 /* Debug */ = {
			isa = XCBuildConfiguration;
			buildSettings = {
				ASSETCATALOG_COMPILER_APPICON_NAME = AppIcon;
				DEVELOPMENT_TEAM = LFK426N4MN;
				INFOPLIST_FILE = VirtualTouristPortfolio/Info.plist;
				LD_RUNPATH_SEARCH_PATHS = "$(inherited) @executable_path/Frameworks";
				PRODUCT_BUNDLE_IDENTIFIER = juansalcedo.com.VirtualTouristPortfolio;
				PRODUCT_NAME = "$(TARGET_NAME)";
				SWIFT_VERSION = 3.0;
			};
			name = Debug;
		};
		95F2D46F1EAF7C3000C26A82 /* Release */ = {
			isa = XCBuildConfiguration;
			buildSettings = {
				ASSETCATALOG_COMPILER_APPICON_NAME = AppIcon;
				DEVELOPMENT_TEAM = LFK426N4MN;
				INFOPLIST_FILE = VirtualTouristPortfolio/Info.plist;
				LD_RUNPATH_SEARCH_PATHS = "$(inherited) @executable_path/Frameworks";
				PRODUCT_BUNDLE_IDENTIFIER = juansalcedo.com.VirtualTouristPortfolio;
				PRODUCT_NAME = "$(TARGET_NAME)";
				SWIFT_VERSION = 3.0;
			};
			name = Release;
		};
/* End XCBuildConfiguration section */

/* Begin XCConfigurationList section */
		95F2D4561EAF7C3000C26A82 /* Build configuration list for PBXProject "VirtualTouristPortfolio" */ = {
			isa = XCConfigurationList;
			buildConfigurations = (
				95F2D46B1EAF7C3000C26A82 /* Debug */,
				95F2D46C1EAF7C3000C26A82 /* Release */,
			);
			defaultConfigurationIsVisible = 0;
			defaultConfigurationName = Release;
		};
		95F2D46D1EAF7C3000C26A82 /* Build configuration list for PBXNativeTarget "VirtualTouristPortfolio" */ = {
			isa = XCConfigurationList;
			buildConfigurations = (
				95F2D46E1EAF7C3000C26A82 /* Debug */,
				95F2D46F1EAF7C3000C26A82 /* Release */,
			);
			defaultConfigurationIsVisible = 0;
		};
/* End XCConfigurationList section */

/* Begin XCVersionGroup section */
		95F2D4741EAF833400C26A82 /* VirtualTourist.xcdatamodeld */ = {
			isa = XCVersionGroup;
			children = (
				95F2D4751EAF833400C26A82 /* VirtualTourist.xcdatamodel */,
			);
			currentVersion = 95F2D4751EAF833400C26A82 /* VirtualTourist.xcdatamodel */;
			path = VirtualTourist.xcdatamodeld;
			sourceTree = "<group>";
			versionGroupType = wrapper.xcdatamodel;
		};
/* End XCVersionGroup section */
	};
	rootObject = 95F2D4531EAF7C3000C26A82 /* Project object */;
}
